
Microsoft Visual Studio Solution File, Format Version 12.00
# Visual Studio Version 17
VisualStudioVersion = 17.1.32210.238
MinimumVisualStudioVersion = 10.0.40219.1
Project("{2150E333-8FDC-42A3-9474-1A3956D46DE8}") = "src", "src", "{355B9CC8-A7E6-4918-A54E-749640721FB1}"
EndProject
Project("{2150E333-8FDC-42A3-9474-1A3956D46DE8}") = "tests", "tests", "{55519B0B-8D77-4C82-AF3A-258F63463BA7}"
EndProject
Project("{2150E333-8FDC-42A3-9474-1A3956D46DE8}") = "API", "API", "{5C8D6472-A83F-49D4-B225-90173AA28100}"
EndProject
Project("{2150E333-8FDC-42A3-9474-1A3956D46DE8}") = "Core", "Core", "{3E2C5A38-6D4F-42C6-8219-EC4DB81C5E50}"
EndProject
Project("{2150E333-8FDC-42A3-9474-1A3956D46DE8}") = "Infrastructure", "Infrastructure", "{BB6D9765-51E9-40E9-93E5-42C6A65BB672}"
EndProject
Project("{2150E333-8FDC-42A3-9474-1A3956D46DE8}") = "UI", "UI", "{8C5220F5-8E5E-490C-B36E-B37C75AAEC23}"
EndProject
Project("{9A19103F-16F7-4668-BE54-9A1E7A4F7556}") = "SampleECommerce.API", "SampleECommerce.API\SampleECommerce.API.csproj", "{F724FA2E-CCDC-4ACD-8779-1289B1F8F5F7}"
EndProject
Project("{9A19103F-16F7-4668-BE54-9A1E7A4F7556}") = "SampleECommerce.Application", "SampleECommerce.Application\SampleECommerce.Application.csproj", "{7F35EFA1-E194-46BB-8917-DE9FCAC0FA46}"
EndProject
Project("{9A19103F-16F7-4668-BE54-9A1E7A4F7556}") = "SampleECommerce.Domain", "SampleECommerce.Domain\SampleECommerce.Domain.csproj", "{AB023308-0510-4EA3-AFC5-25AC477A7AA0}"
EndProject
Project("{9A19103F-16F7-4668-BE54-9A1E7A4F7556}") = "SampleECommerce.Identity", "SampleECommerce.Identity\SampleECommerce.Identity.csproj", "{0A43FD30-72FD-44A2-B06C-A8C5C76C3F04}"
EndProject
Project("{9A19103F-16F7-4668-BE54-9A1E7A4F7556}") = "SampleECommerce.Infrastructure", "SampleECommerce.Infrastructure\SampleECommerce.Infrastructure.csproj", "{5EB86A43-1B68-4406-A0FD-91E955BCD4F4}"
EndProject
Project("{9A19103F-16F7-4668-BE54-9A1E7A4F7556}") = "SampleECommerce.Persistence", "SampleECommerce.Persistence\SampleECommerce.Persistence.csproj", "{F6822A10-38FA-408A-92B8-7A97725DD103}"
EndProject
Project("{9A19103F-16F7-4668-BE54-9A1E7A4F7556}") = "SampleECommerce.MVC", "SampleECommerce.MVC\SampleECommerce.MVC.csproj", "{12860119-29BC-477D-BB35-10C9982AB25B}"
EndProject
Project("{9A19103F-16F7-4668-BE54-9A1E7A4F7556}") = "SampleECommerce.Application.UnitTests", "SampleECommerce.Application.UnitTests\SampleECommerce.Application.UnitTests.csproj", "{76185318-E8C1-4943-ADA6-EB6D77425B0F}"
EndProject
Global
	GlobalSection(SolutionConfigurationPlatforms) = preSolution
		Debug|Any CPU = Debug|Any CPU
		Release|Any CPU = Release|Any CPU
	EndGlobalSection
	GlobalSection(ProjectConfigurationPlatforms) = postSolution
		{F724FA2E-CCDC-4ACD-8779-1289B1F8F5F7}.Debug|Any CPU.ActiveCfg = Debug|Any CPU
		{F724FA2E-CCDC-4ACD-8779-1289B1F8F5F7}.Debug|Any CPU.Build.0 = Debug|Any CPU
		{F724FA2E-CCDC-4ACD-8779-1289B1F8F5F7}.Release|Any CPU.ActiveCfg = Release|Any CPU
		{F724FA2E-CCDC-4ACD-8779-1289B1F8F5F7}.Release|Any CPU.Build.0 = Release|Any CPU
		{7F35EFA1-E194-46BB-8917-DE9FCAC0FA46}.Debug|Any CPU.ActiveCfg = Debug|Any CPU
		{7F35EFA1-E194-46BB-8917-DE9FCAC0FA46}.Debug|Any CPU.Build.0 = Debug|Any CPU
		{7F35EFA1-E194-46BB-8917-DE9FCAC0FA46}.Release|Any CPU.ActiveCfg = Release|Any CPU
		{7F35EFA1-E194-46BB-8917-DE9FCAC0FA46}.Release|Any CPU.Build.0 = Release|Any CPU
		{AB023308-0510-4EA3-AFC5-25AC477A7AA0}.Debug|Any CPU.ActiveCfg = Debug|Any CPU
		{AB023308-0510-4EA3-AFC5-25AC477A7AA0}.Debug|Any CPU.Build.0 = Debug|Any CPU
		{AB023308-0510-4EA3-AFC5-25AC477A7AA0}.Release|Any CPU.ActiveCfg = Release|Any CPU
		{AB023308-0510-4EA3-AFC5-25AC477A7AA0}.Release|Any CPU.Build.0 = Release|Any CPU
		{0A43FD30-72FD-44A2-B06C-A8C5C76C3F04}.Debug|Any CPU.ActiveCfg = Debug|Any CPU
		{0A43FD30-72FD-44A2-B06C-A8C5C76C3F04}.Debug|Any CPU.Build.0 = Debug|Any CPU
		{0A43FD30-72FD-44A2-B06C-A8C5C76C3F04}.Release|Any CPU.ActiveCfg = Release|Any CPU
		{0A43FD30-72FD-44A2-B06C-A8C5C76C3F04}.Release|Any CPU.Build.0 = Release|Any CPU
		{5EB86A43-1B68-4406-A0FD-91E955BCD4F4}.Debug|Any CPU.ActiveCfg = Debug|Any CPU
		{5EB86A43-1B68-4406-A0FD-91E955BCD4F4}.Debug|Any CPU.Build.0 = Debug|Any CPU
		{5EB86A43-1B68-4406-A0FD-91E955BCD4F4}.Release|Any CPU.ActiveCfg = Release|Any CPU
		{5EB86A43-1B68-4406-A0FD-91E955BCD4F4}.Release|Any CPU.Build.0 = Release|Any CPU
		{F6822A10-38FA-408A-92B8-7A97725DD103}.Debug|Any CPU.ActiveCfg = Debug|Any CPU
		{F6822A10-38FA-408A-92B8-7A97725DD103}.Debug|Any CPU.Build.0 = Debug|Any CPU
		{F6822A10-38FA-408A-92B8-7A97725DD103}.Release|Any CPU.ActiveCfg = Release|Any CPU
		{F6822A10-38FA-408A-92B8-7A97725DD103}.Release|Any CPU.Build.0 = Release|Any CPU
		{12860119-29BC-477D-BB35-10C9982AB25B}.Debug|Any CPU.ActiveCfg = Debug|Any CPU
		{12860119-29BC-477D-BB35-10C9982AB25B}.Debug|Any CPU.Build.0 = Debug|Any CPU
		{12860119-29BC-477D-BB35-10C9982AB25B}.Release|Any CPU.ActiveCfg = Release|Any CPU
		{12860119-29BC-477D-BB35-10C9982AB25B}.Release|Any CPU.Build.0 = Release|Any CPU
		{76185318-E8C1-4943-ADA6-EB6D77425B0F}.Debug|Any CPU.ActiveCfg = Debug|Any CPU
		{76185318-E8C1-4943-ADA6-EB6D77425B0F}.Debug|Any CPU.Build.0 = Debug|Any CPU
		{76185318-E8C1-4943-ADA6-EB6D77425B0F}.Release|Any CPU.ActiveCfg = Release|Any CPU
		{76185318-E8C1-4943-ADA6-EB6D77425B0F}.Release|Any CPU.Build.0 = Release|Any CPU
	EndGlobalSection
	GlobalSection(SolutionProperties) = preSolution
		HideSolutionNode = FALSE
	EndGlobalSection
	GlobalSection(NestedProjects) = preSolution
		{5C8D6472-A83F-49D4-B225-90173AA28100} = {355B9CC8-A7E6-4918-A54E-749640721FB1}
		{3E2C5A38-6D4F-42C6-8219-EC4DB81C5E50} = {355B9CC8-A7E6-4918-A54E-749640721FB1}
		{BB6D9765-51E9-40E9-93E5-42C6A65BB672} = {355B9CC8-A7E6-4918-A54E-749640721FB1}
		{8C5220F5-8E5E-490C-B36E-B37C75AAEC23} = {355B9CC8-A7E6-4918-A54E-749640721FB1}
		{F724FA2E-CCDC-4ACD-8779-1289B1F8F5F7} = {5C8D6472-A83F-49D4-B225-90173AA28100}
		{7F35EFA1-E194-46BB-8917-DE9FCAC0FA46} = {3E2C5A38-6D4F-42C6-8219-EC4DB81C5E50}
		{AB023308-0510-4EA3-AFC5-25AC477A7AA0} = {3E2C5A38-6D4F-42C6-8219-EC4DB81C5E50}
		{0A43FD30-72FD-44A2-B06C-A8C5C76C3F04} = {BB6D9765-51E9-40E9-93E5-42C6A65BB672}
		{5EB86A43-1B68-4406-A0FD-91E955BCD4F4} = {BB6D9765-51E9-40E9-93E5-42C6A65BB672}
		{F6822A10-38FA-408A-92B8-7A97725DD103} = {BB6D9765-51E9-40E9-93E5-42C6A65BB672}
		{12860119-29BC-477D-BB35-10C9982AB25B} = {8C5220F5-8E5E-490C-B36E-B37C75AAEC23}
		{76185318-E8C1-4943-ADA6-EB6D77425B0F} = {55519B0B-8D77-4C82-AF3A-258F63463BA7}
	EndGlobalSection
	GlobalSection(ExtensibilityGlobals) = postSolution
		SolutionGuid = {C7BC2D94-21BC-4C60-A938-2D8565A867F9}
	EndGlobalSection
EndGlobal
